
Microsoft Visual Studio Solution File, Format Version 12.00
# Visual Studio 14
VisualStudioVersion = 14.0.25420.1
MinimumVisualStudioVersion = 10.0.40219.1
Project("{FAE04EC0-301F-11D3-BF4B-00C04F79EFBC}") = "BandBox", "BandBox\BandBox.csproj", "{6FA4D6FF-E577-45E1-9166-DA1783946E61}"
EndProject
Project("{FAE04EC0-301F-11D3-BF4B-00C04F79EFBC}") = "BandBoxTests", "BandBoxTests\BandBoxTests.csproj", "{0537CCB5-C055-4198-BC13-9EC4B9A9254F}"
EndProject
Global
	GlobalSection(SolutionConfigurationPlatforms) = preSolution
		Debug|Any CPU = Debug|Any CPU
		Release|Any CPU = Release|Any CPU
	EndGlobalSection
	GlobalSection(ProjectConfigurationPlatforms) = postSolution
		{6FA4D6FF-E577-45E1-9166-DA1783946E61}.Debug|Any CPU.ActiveCfg = Debug|Any CPU
		{6FA4D6FF-E577-45E1-9166-DA1783946E61}.Debug|Any CPU.Build.0 = Debug|Any CPU
		{6FA4D6FF-E577-45E1-9166-DA1783946E61}.Release|Any CPU.ActiveCfg = Release|Any CPU
		{6FA4D6FF-E577-45E1-9166-DA1783946E61}.Release|Any CPU.Build.0 = Release|Any CPU
		{0537CCB5-C055-4198-BC13-9EC4B9A9254F}.Debug|Any CPU.ActiveCfg = Debug|Any CPU
		{0537CCB5-C055-4198-BC13-9EC4B9A9254F}.Debug|Any CPU.Build.0 = Debug|Any CPU
		{0537CCB5-C055-4198-BC13-9EC4B9A9254F}.Release|Any CPU.ActiveCfg = Release|Any CPU
		{0537CCB5-C055-4198-BC13-9EC4B9A9254F}.Release|Any CPU.Build.0 = Release|Any CPU
	EndGlobalSection
	GlobalSection(SolutionProperties) = preSolution
		HideSolutionNode = FALSE
	EndGlobalSection
EndGlobal
